
Microsoft Visual Studio Solution File, Format Version 12.00
# Visual Studio Version 16
VisualStudioVersion = 16.0.30330.147
MinimumVisualStudioVersion = 10.0.40219.1
Project("{FAE04EC0-301F-11D3-BF4B-00C04F79EFBC}") = "glxa", "glxa\glxa.csproj", "{96131BD9-1C98-48D0-87FD-6E80123BA00D}"
EndProject
Global
	GlobalSection(SolutionConfigurationPlatforms) = preSolution
		Debug|Any CPU = Debug|Any CPU
		Release|Any CPU = Release|Any CPU
	EndGlobalSection
	GlobalSection(ProjectConfigurationPlatforms) = postSolution
		{96131BD9-1C98-48D0-87FD-6E80123BA00D}.Debug|Any CPU.ActiveCfg = Debug|Any CPU
		{96131BD9-1C98-48D0-87FD-6E80123BA00D}.Debug|Any CPU.Build.0 = Debug|Any CPU
		{96131BD9-1C98-48D0-87FD-6E80123BA00D}.Release|Any CPU.ActiveCfg = Release|Any CPU
		{96131BD9-1C98-48D0-87FD-6E80123BA00D}.Release|Any CPU.Build.0 = Release|Any CPU
	EndGlobalSection
	GlobalSection(SolutionProperties) = preSolution
		HideSolutionNode = FALSE
	EndGlobalSection
	GlobalSection(ExtensibilityGlobals) = postSolution
		SolutionGuid = {12B13651-3317-4F80-8791-3F8EC2EDD789}
	EndGlobalSection
EndGlobal
